
Microsoft Visual Studio Solution File, Format Version 12.00
# Visual Studio 2012
Project("{FAE04EC0-301F-11D3-BF4B-00C04F79EFBC}") = "AtCoderCS_NUnit", "AtCoderCS_NUnit\AtCoderCS_NUnit.csproj", "{C0E5C84C-6260-4383-A261-051BDBAE47D3}"
EndProject
Project("{FAE04EC0-301F-11D3-BF4B-00C04F79EFBC}") = "Tools", "AtCoderCS_Tools_NUnit\Tools.csproj", "{45A18005-FABB-4C73-B58F-2CF2AB997B9B}"
EndProject
Project("{FAE04EC0-301F-11D3-BF4B-00C04F79EFBC}") = "AtCoderCS_Keyence2019", "AtCoderCS_Keyence2019\AtCoderCS_Keyence2019.csproj", "{7847B923-466F-4669-A561-8FEB27E3910C}"
EndProject
Project("{FAE04EC0-301F-11D3-BF4B-00C04F79EFBC}") = "EducationalDPContest", "EducationalDPContest\EducationalDPContest.csproj", "{48D50E28-E869-42D4-8F00-6B6E00B49176}"
EndProject
Project("{FAE04EC0-301F-11D3-BF4B-00C04F79EFBC}") = "AISingContest2019", "AISingContest2019\AISingContest2019.csproj", "{E876373E-0B5E-411F-91B7-6C1626CDAD33}"
EndProject
Project("{FAE04EC0-301F-11D3-BF4B-00C04F79EFBC}") = "KnapsackProblems", "KnapsackProblems\KnapsackProblems.csproj", "{F53C580A-4C38-4E66-8D64-B606885E57B1}"
EndProject
Project("{FAE04EC0-301F-11D3-BF4B-00C04F79EFBC}") = "AtCoderContests", "AtCoderContests\AtCoderContests.csproj", "{29F20985-3A08-4E6B-AC51-860D954B5427}"
EndProject
Project("{FAE04EC0-301F-11D3-BF4B-00C04F79EFBC}") = "NikkeiContest", "NikkeiContest\NikkeiContest.csproj", "{3B21ECB0-70CB-4904-80B6-D9483B0C7D39}"
EndProject
Project("{FAE04EC0-301F-11D3-BF4B-00C04F79EFBC}") = "Current", "Current\Current.csproj", "{CCCD3D42-20E7-452B-9017-BB4A0F86DC3A}"
EndProject
Global
	GlobalSection(SolutionConfigurationPlatforms) = preSolution
		Debug|x86 = Debug|x86
		Release|x86 = Release|x86
	EndGlobalSection
	GlobalSection(ProjectConfigurationPlatforms) = postSolution
		{C0E5C84C-6260-4383-A261-051BDBAE47D3}.Debug|x86.ActiveCfg = Debug|Any CPU
		{C0E5C84C-6260-4383-A261-051BDBAE47D3}.Debug|x86.Build.0 = Debug|Any CPU
		{C0E5C84C-6260-4383-A261-051BDBAE47D3}.Release|x86.ActiveCfg = Release|Any CPU
		{C0E5C84C-6260-4383-A261-051BDBAE47D3}.Release|x86.Build.0 = Release|Any CPU
		{45A18005-FABB-4C73-B58F-2CF2AB997B9B}.Debug|x86.ActiveCfg = Debug|Any CPU
		{45A18005-FABB-4C73-B58F-2CF2AB997B9B}.Debug|x86.Build.0 = Debug|Any CPU
		{45A18005-FABB-4C73-B58F-2CF2AB997B9B}.Release|x86.ActiveCfg = Release|Any CPU
		{45A18005-FABB-4C73-B58F-2CF2AB997B9B}.Release|x86.Build.0 = Release|Any CPU
		{7847B923-466F-4669-A561-8FEB27E3910C}.Debug|x86.ActiveCfg = Debug|Any CPU
		{7847B923-466F-4669-A561-8FEB27E3910C}.Debug|x86.Build.0 = Debug|Any CPU
		{7847B923-466F-4669-A561-8FEB27E3910C}.Release|x86.ActiveCfg = Release|Any CPU
		{7847B923-466F-4669-A561-8FEB27E3910C}.Release|x86.Build.0 = Release|Any CPU
		{48D50E28-E869-42D4-8F00-6B6E00B49176}.Debug|x86.ActiveCfg = Debug|Any CPU
		{48D50E28-E869-42D4-8F00-6B6E00B49176}.Debug|x86.Build.0 = Debug|Any CPU
		{48D50E28-E869-42D4-8F00-6B6E00B49176}.Release|x86.ActiveCfg = Release|Any CPU
		{48D50E28-E869-42D4-8F00-6B6E00B49176}.Release|x86.Build.0 = Release|Any CPU
		{E876373E-0B5E-411F-91B7-6C1626CDAD33}.Debug|x86.ActiveCfg = Debug|Any CPU
		{E876373E-0B5E-411F-91B7-6C1626CDAD33}.Debug|x86.Build.0 = Debug|Any CPU
		{E876373E-0B5E-411F-91B7-6C1626CDAD33}.Release|x86.ActiveCfg = Release|Any CPU
		{E876373E-0B5E-411F-91B7-6C1626CDAD33}.Release|x86.Build.0 = Release|Any CPU
		{F53C580A-4C38-4E66-8D64-B606885E57B1}.Debug|x86.ActiveCfg = Debug|Any CPU
		{F53C580A-4C38-4E66-8D64-B606885E57B1}.Debug|x86.Build.0 = Debug|Any CPU
		{F53C580A-4C38-4E66-8D64-B606885E57B1}.Release|x86.ActiveCfg = Release|Any CPU
		{F53C580A-4C38-4E66-8D64-B606885E57B1}.Release|x86.Build.0 = Release|Any CPU
		{29F20985-3A08-4E6B-AC51-860D954B5427}.Debug|x86.ActiveCfg = Debug|Any CPU
		{29F20985-3A08-4E6B-AC51-860D954B5427}.Debug|x86.Build.0 = Debug|Any CPU
		{29F20985-3A08-4E6B-AC51-860D954B5427}.Release|x86.ActiveCfg = Release|Any CPU
		{29F20985-3A08-4E6B-AC51-860D954B5427}.Release|x86.Build.0 = Release|Any CPU
		{3B21ECB0-70CB-4904-80B6-D9483B0C7D39}.Debug|x86.ActiveCfg = Debug|Any CPU
		{3B21ECB0-70CB-4904-80B6-D9483B0C7D39}.Debug|x86.Build.0 = Debug|Any CPU
		{3B21ECB0-70CB-4904-80B6-D9483B0C7D39}.Release|x86.ActiveCfg = Release|Any CPU
		{3B21ECB0-70CB-4904-80B6-D9483B0C7D39}.Release|x86.Build.0 = Release|Any CPU
		{CCCD3D42-20E7-452B-9017-BB4A0F86DC3A}.Debug|x86.ActiveCfg = Debug|Any CPU
		{CCCD3D42-20E7-452B-9017-BB4A0F86DC3A}.Debug|x86.Build.0 = Debug|Any CPU
		{CCCD3D42-20E7-452B-9017-BB4A0F86DC3A}.Release|x86.ActiveCfg = Release|Any CPU
		{CCCD3D42-20E7-452B-9017-BB4A0F86DC3A}.Release|x86.Build.0 = Release|Any CPU
	EndGlobalSection
	GlobalSection(MonoDevelopProperties) = preSolution
		Policies = $0
		$0.DotNetNamingPolicy = $1
		$1.DirectoryNamespaceAssociation = PrefixedHierarchical
		$0.StandardHeader = $2
		$0.VersionControlPolicy = $3
		$3.CommitMessageStyle = $4
		$4.FirstFilePrefix = 
		$4.FileSeparator = ", "
		$4.LineAlign = 0
		$4.InterMessageLines = 0
		$4.Wrap = False
	EndGlobalSection
EndGlobal
